
Microsoft Visual Studio Solution File, Format Version 12.00
# Visual Studio Version 16
VisualStudioVersion = 16.0.32929.386
MinimumVisualStudioVersion = 10.0.40219.1
Project("{FAE04EC0-301F-11D3-BF4B-00C04F79EFBC}") = "SalesWebMvc", "SalesWebMvc\SalesWebMvc.csproj", "{A32529F1-5EE8-4E8C-8D3D-0FBE3826798B}"
EndProject
Global
	GlobalSection(SolutionConfigurationPlatforms) = preSolution
		Debug|Any CPU = Debug|Any CPU
		Release|Any CPU = Release|Any CPU
	EndGlobalSection
	GlobalSection(ProjectConfigurationPlatforms) = postSolution
		{A32529F1-5EE8-4E8C-8D3D-0FBE3826798B}.Debug|Any CPU.ActiveCfg = Debug|Any CPU
		{A32529F1-5EE8-4E8C-8D3D-0FBE3826798B}.Debug|Any CPU.Build.0 = Debug|Any CPU
		{A32529F1-5EE8-4E8C-8D3D-0FBE3826798B}.Release|Any CPU.ActiveCfg = Release|Any CPU
		{A32529F1-5EE8-4E8C-8D3D-0FBE3826798B}.Release|Any CPU.Build.0 = Release|Any CPU
	EndGlobalSection
	GlobalSection(SolutionProperties) = preSolution
		HideSolutionNode = FALSE
	EndGlobalSection
	GlobalSection(ExtensibilityGlobals) = postSolution
		SolutionGuid = {BA30720A-1AC7-4F93-9C1C-0A7C57D1A5E0}
	EndGlobalSection
EndGlobal
